[[package]]
name = "absl-py"
version = "1.2.0"
description = "Abseil Python Common Libraries, see https://github.com/abseil/abseil-py."
category = "main"
optional = false
python-versions = ">=3.6"

[[package]]
name = "atomicwrites"
version = "1.4.1"
description = "Atomic file writes."
category = "dev"
optional = false
python-versions = ">=2.7, !=3.0.*, !=3.1.*, !=3.2.*, !=3.3.*"

[[package]]
name = "attrs"
version = "22.1.0"
description = "Classes Without Boilerplate"
category = "dev"
optional = false
python-versions = ">=3.5"

[package.extras]
dev = ["coverage[toml] (>=5.0.2)", "hypothesis", "pympler", "pytest (>=4.3.0)", "mypy (>=0.900,!=0.940)", "pytest-mypy-plugins", "zope.interface", "furo", "sphinx", "sphinx-notfound-page", "pre-commit", "cloudpickle"]
docs = ["furo", "sphinx", "zope.interface", "sphinx-notfound-page"]
tests = ["coverage[toml] (>=5.0.2)", "hypothesis", "pympler", "pytest (>=4.3.0)", "mypy (>=0.900,!=0.940)", "pytest-mypy-plugins", "zope.interface", "cloudpickle"]
tests_no_zope = ["coverage[toml] (>=5.0.2)", "hypothesis", "pympler", "pytest (>=4.3.0)", "mypy (>=0.900,!=0.940)", "pytest-mypy-plugins", "cloudpickle"]

[[package]]
name = "black"
version = "22.8.0"
description = "The uncompromising code formatter."
category = "dev"
optional = false
python-versions = ">=3.6.2"

[package.dependencies]
click = ">=8.0.0"
mypy-extensions = ">=0.4.3"
pathspec = ">=0.9.0"
platformdirs = ">=2"
tomli = {version = ">=1.1.0", markers = "python_full_version < \"3.11.0a7\""}
typing-extensions = {version = ">=3.10.0.0", markers = "python_version < \"3.10\""}

[package.extras]
colorama = ["colorama (>=0.4.3)"]
d = ["aiohttp (>=3.7.4)"]
jupyter = ["ipython (>=7.8.0)", "tokenize-rt (>=3.2.0)"]
uvloop = ["uvloop (>=0.15.2)"]

[[package]]
name = "cachetools"
version = "5.2.0"
description = "Extensible memoizing collections and decorators"
category = "main"
optional = false
python-versions = "~=3.7"

[[package]]
name = "certifi"
version = "2022.9.24"
description = "Python package for providing Mozilla's CA Bundle."
category = "main"
optional = false
python-versions = ">=3.6"

[[package]]
name = "cffi"
version = "1.15.1"
description = "Foreign Function Interface for Python calling C code."
category = "main"
optional = false
python-versions = "*"

[package.dependencies]
pycparser = "*"

[[package]]
name = "chai-sacred"
version = "0.8.3"
description = "Facilitates automated and reproducible experimental research"
category = "main"
optional = false
python-versions = "*"

[package.dependencies]
colorama = ">=0.4"
docopt = ">=0.3,<1.0"
GitPython = "*"
jsonpickle = ">=1.2"
munch = ">=2.5,<3.0"
packaging = ">=18.0"
py-cpuinfo = ">=4.0"
wrapt = ">=1.0,<2.0"

[[package]]
name = "charset-normalizer"
version = "2.1.1"
description = "The Real First Universal Charset Detector. Open, modern and actively maintained alternative to Chardet."
category = "main"
optional = false
python-versions = ">=3.6.0"

[package.extras]
unicode_backport = ["unicodedata2"]

[[package]]
name = "click"
version = "8.1.3"
description = "Composable command line interface toolkit"
category = "main"
optional = false
python-versions = ">=3.7"

[package.dependencies]
colorama = {version = "*", markers = "platform_system == \"Windows\""}

[[package]]
name = "cloudpickle"
version = "2.2.0"
description = "Extended pickling support for Python objects"
category = "main"
optional = false
python-versions = ">=3.6"

[[package]]
name = "colorama"
version = "0.4.5"
description = "Cross-platform colored terminal text."
category = "main"
optional = false
python-versions = ">=2.7, !=3.0.*, !=3.1.*, !=3.2.*, !=3.3.*, !=3.4.*"

[[package]]
name = "contourpy"
version = "1.0.5"
description = "Python library for calculating contours of 2D quadrilateral grids"
category = "main"
optional = false
python-versions = ">=3.7"

[package.dependencies]
numpy = ">=1.16"

[package.extras]
test-no-codebase = ["pillow", "matplotlib", "pytest"]
test-minimal = ["pytest"]
test = ["isort", "flake8", "pillow", "matplotlib", "pytest"]
docs = ["sphinx-rtd-theme", "sphinx", "docutils (<0.18)"]
bokeh = ["selenium", "bokeh"]

[[package]]
name = "cycler"
version = "0.11.0"
description = "Composable style cycles"
category = "main"
optional = false
python-versions = ">=3.6"

[[package]]
name = "docker-pycreds"
version = "0.4.0"
description = "Python bindings for the docker credentials store API"
category = "main"
optional = false
python-versions = "*"

[package.dependencies]
six = ">=1.4.0"

[[package]]
name = "docopt"
version = "0.6.2"
description = "Pythonic argument parser, that will make you smile"
category = "main"
optional = false
python-versions = "*"

[[package]]
name = "filelock"
version = "3.8.0"
description = "A platform independent file lock."
category = "main"
optional = false
python-versions = ">=3.7"

[package.extras]
docs = ["furo (>=2022.6.21)", "sphinx (>=5.1.1)", "sphinx-autodoc-typehints (>=1.19.1)"]
testing = ["covdefaults (>=2.2)", "coverage (>=6.4.2)", "pytest (>=7.1.2)", "pytest-cov (>=3)", "pytest-timeout (>=2.1)"]

[[package]]
name = "flake8"
version = "3.9.2"
description = "the modular source code checker: pep8 pyflakes and co"
category = "dev"
optional = false
python-versions = "!=3.0.*,!=3.1.*,!=3.2.*,!=3.3.*,!=3.4.*,>=2.7"

[package.dependencies]
mccabe = ">=0.6.0,<0.7.0"
pycodestyle = ">=2.7.0,<2.8.0"
pyflakes = ">=2.3.0,<2.4.0"

[[package]]
name = "flake8-isort"
version = "4.2.0"
description = "flake8 plugin that integrates isort ."
category = "dev"
optional = false
python-versions = "*"

[package.dependencies]
flake8 = ">=3.2.1,<6"
isort = ">=4.3.5,<6"

[package.extras]
test = ["pytest-cov"]

[[package]]
name = "fonttools"
version = "4.37.4"
description = "Tools to manipulate font files"
category = "main"
optional = false
python-versions = ">=3.7"

[package.extras]
all = ["fs (>=2.2.0,<3)", "lxml (>=4.0,<5)", "zopfli (>=0.1.4)", "lz4 (>=1.7.4.2)", "matplotlib", "sympy", "skia-pathops (>=0.5.0)", "uharfbuzz (>=0.23.0)", "brotlicffi (>=0.8.0)", "scipy", "brotli (>=1.0.1)", "munkres", "unicodedata2 (>=14.0.0)", "xattr"]
graphite = ["lz4 (>=1.7.4.2)"]
interpolatable = ["scipy", "munkres"]
lxml = ["lxml (>=4.0,<5)"]
pathops = ["skia-pathops (>=0.5.0)"]
plot = ["matplotlib"]
repacker = ["uharfbuzz (>=0.23.0)"]
symfont = ["sympy"]
type1 = ["xattr"]
ufo = ["fs (>=2.2.0,<3)"]
unicode = ["unicodedata2 (>=14.0.0)"]
woff = ["zopfli (>=0.1.4)", "brotlicffi (>=0.8.0)", "brotli (>=1.0.1)"]

[[package]]
name = "gitdb"
version = "4.0.9"
description = "Git Object Database"
category = "main"
optional = false
python-versions = ">=3.6"

[package.dependencies]
smmap = ">=3.0.1,<6"

[[package]]
name = "gitpython"
version = "3.1.27"
description = "GitPython is a python library used to interact with Git repositories"
category = "main"
optional = false
python-versions = ">=3.7"

[package.dependencies]
gitdb = ">=4.0.1,<5"

[[package]]
name = "glcontext"
version = "2.3.6"
description = "Portable OpenGL Context"
category = "main"
optional = false
python-versions = "*"

[[package]]
name = "glfw"
version = "1.12.0"
description = "A ctypes-based wrapper for GLFW3."
category = "main"
optional = false
python-versions = "*"

[[package]]
name = "google-auth"
version = "2.12.0"
description = "Google Authentication Library"
category = "main"
optional = false
python-versions = ">=2.7,!=3.0.*,!=3.1.*,!=3.2.*,!=3.3.*,!=3.4.*,!=3.5.*"

[package.dependencies]
cachetools = ">=2.0.0,<6.0"
pyasn1-modules = ">=0.2.1"
rsa = {version = ">=3.1.4,<5", markers = "python_version >= \"3.6\""}
six = ">=1.9.0"

[package.extras]
aiohttp = ["requests (>=2.20.0,<3.0.0dev)", "aiohttp (>=3.6.2,<4.0.0dev)"]
enterprise_cert = ["cryptography (==36.0.2)", "pyopenssl (==22.0.0)"]
pyopenssl = ["pyopenssl (>=20.0.0)"]
reauth = ["pyu2f (>=0.1.5)"]

[[package]]
name = "google-auth-oauthlib"
version = "0.4.6"
description = "Google Authentication Library"
category = "main"
optional = false
python-versions = ">=3.6"

[package.dependencies]
google-auth = ">=1.0.0"
requests-oauthlib = ">=0.7.0"

[package.extras]
tool = ["click (>=6.0.0)"]

[[package]]
name = "grpcio"
version = "1.49.1"
description = "HTTP/2-based RPC framework"
category = "main"
optional = false
python-versions = ">=3.7"

[package.dependencies]
six = ">=1.5.2"

[package.extras]
protobuf = ["grpcio-tools (>=1.49.1)"]

[[package]]
name = "gym"
version = "0.21.0"
description = "Gym: A universal API for reinforcement learning environments."
category = "main"
optional = false
python-versions = ">=3.6"

[package.dependencies]
cloudpickle = ">=1.2.0"
numpy = ">=1.18.0"
pyglet = {version = ">=1.4.0", optional = true, markers = "extra == \"classic_control\""}

[package.extras]
accept-rom-license = ["autorom[accept-rom-license] (>=0.4.2,<0.5.0)"]
all = ["mujoco_py (>=1.50,<2.0)", "lz4 (>=3.1.0)", "opencv-python (>=3)", "ale-py (>=0.7.1,<0.8.0)", "pyglet (>=1.4.0)", "scipy (>=1.4.1)", "box2d-py (==2.3.5)", "pyglet (>=1.4.0)", "ale-py (>=0.7.1,<0.8.0)", "lz4 (>=3.1.0)", "opencv-python (>=3)", "pyglet (>=1.4.0)", "box2d-py (==2.3.5)", "pyglet (>=1.4.0)", "scipy (>=1.4.1)", "mujoco_py (>=1.50,<2.0)"]
atari = ["ale-py (>=0.7.1,<0.8.0)"]
box2d = ["box2d-py (==2.3.5)", "pyglet (>=1.4.0)"]
classic_control = ["pyglet (>=1.4.0)"]
mujoco = ["mujoco_py (>=1.50,<2.0)"]
nomujoco = ["lz4 (>=3.1.0)", "opencv-python (>=3)", "ale-py (>=0.7.1,<0.8.0)", "pyglet (>=1.4.0)", "scipy (>=1.4.1)", "box2d-py (==2.3.5)", "pyglet (>=1.4.0)"]
other = ["lz4 (>=3.1.0)", "opencv-python (>=3)"]
robotics = ["mujoco_py (>=1.50,<2.0)"]
toy_text = ["scipy (>=1.4.1)"]

[[package]]
name = "gym3"
version = "0.3.3"
description = ""
category = "main"
optional = false
python-versions = ">=3.6.0"
develop = false

[package.dependencies]
cffi = ">=1.13.0,<2.0.0"
glfw = ">=1.8.6,<2.0.0"
imageio = ">=2.6.0,<3.0.0"
imageio-ffmpeg = ">=0.3.0,<0.4.0"
moderngl = ">=5.5.4,<6.0.0"
numpy = ">=1.11.0,<2.0.0"

[package.extras]
test = ["pytest (==5.2.1)", "pytest-benchmark (==3.2.2)", "gym-retro (==0.8.0)", "gym (==0.17.2)", "tensorflow (==1.15.0)", "mpi4py (==3.0.3)"]

[package.source]
type = "git"
url = "https://github.com/openai/gym3"
reference = "4c38246"
resolved_reference = "4c3824680eaf9dd04dce224ee3d4856429878226"

[[package]]
name = "idna"
version = "3.4"
description = "Internationalized Domain Names in Applications (IDNA)"
category = "main"
optional = false
python-versions = ">=3.5"

[[package]]
name = "imageio"
version = "2.22.1"
description = "Library for reading and writing a wide range of image, video, scientific, and volumetric data formats."
category = "main"
optional = false
python-versions = ">=3.7"

[package.dependencies]
numpy = "*"
pillow = ">=8.3.2"

[package.extras]
all-plugins = ["astropy", "av", "imageio-ffmpeg", "opencv-python", "psutil", "tifffile"]
all-plugins-pypy = ["av", "imageio-ffmpeg", "psutil", "tifffile"]
build = ["wheel"]
dev = ["invoke", "pytest", "pytest-cov", "fsspec", "black", "flake8"]
docs = ["sphinx", "numpydoc", "pydata-sphinx-theme"]
ffmpeg = ["imageio-ffmpeg", "psutil"]
fits = ["astropy"]
full = ["astropy", "av", "black", "flake8", "fsspec", "gdal", "imageio-ffmpeg", "invoke", "itk", "numpydoc", "opencv-python", "psutil", "pydata-sphinx-theme", "pytest", "pytest-cov", "sphinx", "tifffile", "wheel"]
gdal = ["gdal"]
itk = ["itk"]
linting = ["black", "flake8"]
opencv = ["opencv-python"]
pyav = ["av"]
test = ["invoke", "pytest", "pytest-cov", "fsspec"]
tifffile = ["tifffile"]

[[package]]
name = "imageio-ffmpeg"
version = "0.3.0"
description = "FFMPEG wrapper for Python"
category = "main"
optional = false
python-versions = ">=3.4"

[[package]]
name = "imitation"
version = "0.2.1.dev178"
description = "Implementation of modern reward and imitation learning algorithms."
category = "main"
optional = false
python-versions = ">=3.8.0"
develop = false

[package.dependencies]
chai-sacred = ">=0.8.3"
gym = {version = "0.21.0", extras = ["classic_control"]}
matplotlib = "*"
numpy = ">=1.15"
scikit-learn = ">=0.21.2"
stable-baselines3 = ">=1.6.0"
tensorboard = ">=1.14"
torch = ">=1.4.0"
tqdm = "*"

[package.extras]
atari = ["opencv-python", "ale-py (==0.7.4)", "pillow", "autorom[accept-rom-license] (>=0.4.2,<0.5.0)"]
dev = ["autopep8", "awscli", "ntfy", "ipdb", "isort (>=5.0,<6.0)", "codespell", "sphinx-autobuild", "seals (==0.1.2)", "black[jupyter] (>=22.6.0,<22.7.0)", "coverage (>=6.4.2,<6.5.0)", "codecov (>=2.1.12,<2.2.0)", "codespell (>=2.1.0,<2.2.0)", "darglint (>=1.8.1,<1.9.0)", "filelock (>=3.7.1,<3.8.0)", "flake8 (>=4.0.1,<4.1.0)", "flake8-blind-except (==0.2.1)", "flake8-builtins (>=1.5.3,<1.6.0)", "flake8-commas (>=2.1.0,<2.2.0)", "flake8-debugger (>=4.1.2,<4.2.0)", "flake8-docstrings (>=1.6.0,<1.7.0)", "flake8-isort (>=4.1.2,<4.2.0)", "hypothesis (>=6.54.1,<6.55.0)", "ipykernel (>=6.15.1,<6.16.0)", "jupyter (>=1.0.0,<1.1.0)", "jupyter-client (>=6.1.12,<6.2.0)", "pandas (>=1.4.3,<1.5.0)", "pytest (>=7.1.2,<7.2.0)", "pytest-cov (>=3.0.0,<3.1.0)", "pytest-notebook (==0.8.0)", "pytest-xdist (>=2.5.0,<2.6.0)", "scipy (>=1.9.0,<1.10.0)", "wandb (==0.12.21)", "ray[tune,debug] (>=1.13.0)", "pytype (==2022.7.26)", "sphinx (>=5.1.1,<5.2.0)", "sphinx-autodoc-typehints (>=1.19.1,<1.20.0)", "sphinx-rtd-theme (>=1.0.0,<1.1.0)", "sphinxcontrib-napoleon (==0.7)", "furo (==2022.6.21)", "sphinx-copybutton (==0.5.0)", "sphinx-github-changelog (>=1.2.0,<1.3.0)", "opencv-python", "ale-py (==0.7.4)", "pillow", "autorom[accept-rom-license] (>=0.4.2,<0.5.0)"]
docs = ["sphinx (>=5.1.1,<5.2.0)", "sphinx-autodoc-typehints (>=1.19.1,<1.20.0)", "sphinx-rtd-theme (>=1.0.0,<1.1.0)", "sphinxcontrib-napoleon (==0.7)", "furo (==2022.6.21)", "sphinx-copybutton (==0.5.0)", "sphinx-github-changelog (>=1.2.0,<1.3.0)"]
mujoco = ["gym[mujoco,classic_control] (==0.21.0)"]
parallel = ["ray[tune,debug] (>=1.13.0)"]
test = ["seals (==0.1.2)", "black[jupyter] (>=22.6.0,<22.7.0)", "coverage (>=6.4.2,<6.5.0)", "codecov (>=2.1.12,<2.2.0)", "codespell (>=2.1.0,<2.2.0)", "darglint (>=1.8.1,<1.9.0)", "filelock (>=3.7.1,<3.8.0)", "flake8 (>=4.0.1,<4.1.0)", "flake8-blind-except (==0.2.1)", "flake8-builtins (>=1.5.3,<1.6.0)", "flake8-commas (>=2.1.0,<2.2.0)", "flake8-debugger (>=4.1.2,<4.2.0)", "flake8-docstrings (>=1.6.0,<1.7.0)", "flake8-isort (>=4.1.2,<4.2.0)", "hypothesis (>=6.54.1,<6.55.0)", "ipykernel (>=6.15.1,<6.16.0)", "jupyter (>=1.0.0,<1.1.0)", "jupyter-client (>=6.1.12,<6.2.0)", "pandas (>=1.4.3,<1.5.0)", "pytest (>=7.1.2,<7.2.0)", "pytest-cov (>=3.0.0,<3.1.0)", "pytest-notebook (==0.8.0)", "pytest-xdist (>=2.5.0,<2.6.0)", "scipy (>=1.9.0,<1.10.0)", "wandb (==0.12.21)", "ray[tune,debug] (>=1.13.0)", "pytype (==2022.7.26)"]

[package.source]
type = "git"
url = "https://github.com/dfilan/imitation"
reference = "f3f425505"
resolved_reference = "f3f4255059662d197c159e2de63386c6a6b39b72"

[[package]]
name = "importlab"
version = "0.8"
description = "A library to calculate python dependency graphs."
category = "dev"
optional = false
python-versions = ">=3.6.0"

[package.dependencies]
networkx = ">=2"

[[package]]
name = "importlib-metadata"
version = "5.0.0"
description = "Read metadata from Python packages"
category = "main"
optional = false
python-versions = ">=3.7"

[package.dependencies]
zipp = ">=0.5"

[package.extras]
docs = ["sphinx (>=3.5)", "jaraco.packaging (>=9)", "rst.linker (>=1.9)", "furo", "jaraco.tidelift (>=1.4)"]
perf = ["ipython"]
testing = ["pytest (>=6)", "pytest-checkdocs (>=2.4)", "pytest-flake8", "flake8 (<5)", "pytest-cov", "pytest-enabler (>=1.3)", "packaging", "pyfakefs", "flufl.flake8", "pytest-perf (>=0.9.2)", "pytest-black (>=0.3.7)", "pytest-mypy (>=0.9.1)", "importlib-resources (>=1.3)"]

[[package]]
name = "iniconfig"
version = "1.1.1"
description = "iniconfig: brain-dead simple config-ini parsing"
category = "dev"
optional = false
python-versions = "*"

[[package]]
name = "isort"
version = "5.10.1"
description = "A Python utility / library to sort Python imports."
category = "dev"
optional = false
python-versions = ">=3.6.1,<4.0"

[package.extras]
pipfile_deprecated_finder = ["pipreqs", "requirementslib"]
requirements_deprecated_finder = ["pipreqs", "pip-api"]
colors = ["colorama (>=0.4.3,<0.5.0)"]
plugins = ["setuptools"]

[[package]]
name = "joblib"
version = "1.2.0"
description = "Lightweight pipelining with Python functions"
category = "main"
optional = false
python-versions = ">=3.7"

[[package]]
name = "jsonpickle"
version = "1.5.2"
description = "Python library for serializing any arbitrary object graph into JSON"
category = "main"
optional = false
python-versions = ">=2.7"

[package.extras]
docs = ["sphinx", "jaraco.packaging (>=3.2)", "rst.linker (>=1.9)"]
testing = ["coverage (<5)", "pytest (>=3.5,!=3.7.3)", "pytest-checkdocs (>=1.2.3)", "pytest-flake8", "pytest-black-multipy", "pytest-cov", "ecdsa", "feedparser", "numpy", "pandas", "pymongo", "sklearn", "sqlalchemy", "enum34", "jsonlib"]
"testing.libs" = ["demjson", "simplejson", "ujson", "yajl"]

[[package]]
name = "kiwisolver"
version = "1.4.4"
description = "A fast implementation of the Cassowary constraint solver"
category = "main"
optional = false
python-versions = ">=3.7"

[[package]]
name = "libcst"
version = "0.4.7"
description = "A concrete syntax tree with AST-like properties for Python 3.5, 3.6, 3.7, 3.8, 3.9, and 3.10 programs."
category = "dev"
optional = false
python-versions = ">=3.7"

[package.dependencies]
pyyaml = ">=5.2"
typing-extensions = ">=3.7.4.2"
typing-inspect = ">=0.4.0"

[package.extras]
dev = ["black (==22.3.0)", "coverage (>=4.5.4)", "fixit (==0.1.1)", "flake8 (>=3.7.8)", "hypothesis (>=4.36.0)", "hypothesmith (>=0.0.4)", "jupyter (>=1.0.0)", "maturin (>=0.8.3,<0.9)", "nbsphinx (>=0.4.2)", "prompt-toolkit (>=2.0.9)", "setuptools-scm (>=6.0.1)", "sphinx-rtd-theme (>=0.4.3)", "ufmt (==1.3)", "usort (==1.0.0rc1)", "setuptools-rust (>=0.12.1)", "slotscheck (>=0.7.1)", "jinja2 (==3.0.3)", "pyre-check (==0.9.9)"]

[[package]]
name = "markdown"
version = "3.4.1"
description = "Python implementation of Markdown."
category = "main"
optional = false
python-versions = ">=3.7"

[package.dependencies]
importlib-metadata = {version = ">=4.4", markers = "python_version < \"3.10\""}

[package.extras]
testing = ["coverage", "pyyaml"]

[[package]]
name = "markupsafe"
version = "2.1.1"
description = "Safely add untrusted strings to HTML/XML markup."
category = "main"
optional = false
python-versions = ">=3.7"

[[package]]
name = "matplotlib"
version = "3.6.0"
description = "Python plotting package"
category = "main"
optional = false
python-versions = ">=3.8"

[package.dependencies]
contourpy = ">=1.0.1"
cycler = ">=0.10"
fonttools = ">=4.22.0"
kiwisolver = ">=1.0.1"
numpy = ">=1.19"
packaging = ">=20.0"
pillow = ">=6.2.0"
pyparsing = ">=2.2.1"
python-dateutil = ">=2.7"
setuptools_scm = ">=7"

[[package]]
name = "mazelab"
version = "0.2.0"
description = ""
category = "main"
optional = false
python-versions = ">=3"
develop = false

[package.dependencies]
gym = "*"
matplotlib = "*"
numpy = "*"
scikit-image = "*"

[package.source]
type = "git"
url = "https://github.com/ejnnr/mazelab"
reference = "master"
resolved_reference = "3042551cf0eb3b8f2084daa134c519789e011f1a"

[[package]]
name = "mccabe"
version = "0.6.1"
description = "McCabe checker, plugin for flake8"
category = "dev"
optional = false
python-versions = "*"

[[package]]
name = "moderngl"
version = "5.6.4"
description = "ModernGL: High performance rendering for Python 3"
category = "main"
optional = false
python-versions = "*"

[package.dependencies]
glcontext = ">=2,<3"

[[package]]
name = "munch"
version = "2.5.0"
description = "A dot-accessible dictionary (a la JavaScript objects)"
category = "main"
optional = false
python-versions = "*"

[package.dependencies]
six = "*"

[package.extras]
testing = ["pytest", "coverage", "astroid (>=1.5.3,<1.6.0)", "pylint (>=1.7.2,<1.8.0)", "astroid (>=2.0)", "pylint (>=2.3.1,<2.4.0)"]
yaml = ["PyYAML (>=5.1.0)"]

[[package]]
name = "mypy-extensions"
version = "0.4.3"
description = "Experimental type system extensions for programs checked with the mypy typechecker."
category = "dev"
optional = false
python-versions = "*"

[[package]]
name = "networkx"
version = "2.8.7"
description = "Python package for creating and manipulating graphs and networks"
category = "main"
optional = false
python-versions = ">=3.8"

[package.extras]
default = ["numpy (>=1.19)", "scipy (>=1.8)", "matplotlib (>=3.4)", "pandas (>=1.3)"]
developer = ["pre-commit (>=2.20)", "mypy (>=0.981)"]
doc = ["sphinx (>=5)", "pydata-sphinx-theme (>=0.9)", "sphinx-gallery (>=0.10)", "numpydoc (>=1.4)", "pillow (>=9.1)", "nb2plots (>=0.6)", "texext (>=0.6.6)"]
extra = ["lxml (>=4.6)", "pygraphviz (>=1.9)", "pydot (>=1.4.2)", "sympy (>=1.10)"]
test = ["pytest (>=7.1)", "pytest-cov (>=3.0)", "codecov (>=2.1)"]

[[package]]
name = "ninja"
version = "1.10.2.4"
description = "Ninja is a small build system with a focus on speed"
category = "dev"
optional = false
python-versions = "*"

[package.extras]
test = ["codecov (>=2.0.5)", "coverage (>=4.2)", "flake8 (>=3.0.4)", "pytest (>=4.5.0)", "pytest-cov (>=2.7.1)", "pytest-runner (>=5.1)", "pytest-virtualenv (>=1.7.0)", "virtualenv (>=15.0.3)"]

[[package]]
name = "numpy"
version = "1.23.3"
description = "NumPy is the fundamental package for array computing with Python."
category = "main"
optional = false
python-versions = ">=3.8"

[[package]]
name = "oauthlib"
version = "3.2.1"
description = "A generic, spec-compliant, thorough implementation of the OAuth request-signing logic"
category = "main"
optional = false
python-versions = ">=3.6"

[package.extras]
rsa = ["cryptography (>=3.0.0)"]
signals = ["blinker (>=1.4.0)"]
signedtoken = ["cryptography (>=3.0.0)", "pyjwt (>=2.0.0,<3)"]

[[package]]
name = "packaging"
version = "21.3"
description = "Core utilities for Python packages"
category = "main"
optional = false
python-versions = ">=3.6"

[package.dependencies]
pyparsing = ">=2.0.2,<3.0.5 || >3.0.5"

[[package]]
name = "pandas"
version = "1.5.0"
description = "Powerful data structures for data analysis, time series, and statistics"
category = "main"
optional = false
python-versions = ">=3.8"

[package.dependencies]
numpy = {version = ">=1.20.3", markers = "python_version < \"3.10\""}
python-dateutil = ">=2.8.1"
pytz = ">=2020.1"

[package.extras]
test = ["pytest-xdist (>=1.31)", "pytest (>=6.0)", "hypothesis (>=5.5.3)"]

[[package]]
name = "pathspec"
version = "0.10.1"
description = "Utility library for gitignore style pattern matching of file paths."
category = "dev"
optional = false
python-versions = ">=3.7"

[[package]]
name = "pathtools"
version = "0.1.2"
description = "File system general utilities"
category = "main"
optional = false
python-versions = "*"

[[package]]
name = "pillow"
version = "9.2.0"
description = "Python Imaging Library (Fork)"
category = "main"
optional = false
python-versions = ">=3.7"

[package.extras]
docs = ["furo", "olefile", "sphinx (>=2.4)", "sphinx-copybutton", "sphinx-issues (>=3.0.1)", "sphinx-removed-in", "sphinxext-opengraph"]
tests = ["check-manifest", "coverage", "defusedxml", "markdown2", "olefile", "packaging", "pyroma", "pytest", "pytest-cov", "pytest-timeout"]

[[package]]
name = "platformdirs"
version = "2.5.2"
description = "A small Python module for determining appropriate platform-specific dirs, e.g. a \"user data dir\"."
category = "dev"
optional = false
python-versions = ">=3.7"

[package.extras]
docs = ["furo (>=2021.7.5b38)", "proselint (>=0.10.2)", "sphinx-autodoc-typehints (>=1.12)", "sphinx (>=4)"]
test = ["appdirs (==1.4.4)", "pytest-cov (>=2.7)", "pytest-mock (>=3.6)", "pytest (>=6)"]

[[package]]
name = "pluggy"
version = "1.0.0"
description = "plugin and hook calling mechanisms for python"
category = "dev"
optional = false
python-versions = ">=3.6"

[package.extras]
testing = ["pytest-benchmark", "pytest"]
dev = ["tox", "pre-commit"]

[[package]]
name = "procgen"
version = "0.10.4+822dd97"
description = "Procedurally Generated Game-Like RL Environments"
category = "main"
optional = false
python-versions = ">=3.6.0"
develop = false

[package.dependencies]
filelock = ">=3.0.0,<4.0.0"
gym = ">=0.15.0,<1.0.0"
gym3 = ">=0.3.3,<1.0.0"
numpy = ">=1.17.0,<2.0.0"

[package.extras]
test = ["pytest (==5.2.1)", "pytest-benchmark (==3.2.2)"]

[package.source]
type = "git"
url = "https://github.com/JacobPfau/procgenAISC"
reference = "822dd97"
resolved_reference = "822dd9764593002086b38abcfb4d98e6789dc550"

[[package]]
name = "promise"
version = "2.3"
description = "Promises/A+ implementation for Python"
category = "main"
optional = false
python-versions = "*"

[package.dependencies]
six = "*"

[package.extras]
test = ["pytest (>=2.7.3)", "pytest-cov", "coveralls", "futures", "pytest-benchmark", "mock"]

[[package]]
name = "protobuf"
version = "3.19.6"
description = "Protocol Buffers"
category = "main"
optional = false
python-versions = ">=3.5"

[[package]]
name = "psutil"
version = "5.9.2"
description = "Cross-platform lib for process and system monitoring in Python."
category = "main"
optional = false
python-versions = ">=2.7, !=3.0.*, !=3.1.*, !=3.2.*, !=3.3.*"

[package.extras]
test = ["ipaddress", "mock", "enum34", "pywin32", "wmi"]

[[package]]
name = "py"
version = "1.11.0"
description = "library with cross-python path, ini-parsing, io, code, log facilities"
category = "dev"
optional = false
python-versions = ">=2.7, !=3.0.*, !=3.1.*, !=3.2.*, !=3.3.*, !=3.4.*"

[[package]]
name = "py-cpuinfo"
version = "8.0.0"
description = "Get CPU info with pure Python 2 & 3"
category = "main"
optional = false
python-versions = "*"

[[package]]
name = "pyasn1"
version = "0.4.8"
description = "ASN.1 types and codecs"
category = "main"
optional = false
python-versions = "*"

[[package]]
name = "pyasn1-modules"
version = "0.2.8"
description = "A collection of ASN.1-based protocols modules."
category = "main"
optional = false
python-versions = "*"

[package.dependencies]
pyasn1 = ">=0.4.6,<0.5.0"

[[package]]
name = "pycodestyle"
version = "2.7.0"
description = "Python style guide checker"
category = "dev"
optional = false
python-versions = ">=2.7, !=3.0.*, !=3.1.*, !=3.2.*, !=3.3.*"

[[package]]
name = "pycparser"
version = "2.21"
description = "C parser in Python"
category = "main"
optional = false
python-versions = ">=2.7, !=3.0.*, !=3.1.*, !=3.2.*, !=3.3.*"

[[package]]
name = "pyflakes"
version = "2.3.1"
description = "passive checker of Python programs"
category = "dev"
optional = false
python-versions = ">=2.7, !=3.0.*, !=3.1.*, !=3.2.*, !=3.3.*"

[[package]]
name = "pyglet"
version = "1.5.27"
description = "Cross-platform windowing and multimedia library"
category = "main"
optional = false
python-versions = "*"

[[package]]
name = "pyparsing"
version = "3.0.9"
description = "pyparsing module - Classes and methods to define and execute parsing grammars"
category = "main"
optional = false
python-versions = ">=3.6.8"

[package.extras]
diagrams = ["railroad-diagrams", "jinja2"]

[[package]]
name = "pytest"
version = "6.2.5"
description = "pytest: simple powerful testing with Python"
category = "dev"
optional = false
python-versions = ">=3.6"

[package.dependencies]
atomicwrites = {version = ">=1.0", markers = "sys_platform == \"win32\""}
attrs = ">=19.2.0"
colorama = {version = "*", markers = "sys_platform == \"win32\""}
iniconfig = "*"
packaging = "*"
pluggy = ">=0.12,<2.0"
py = ">=1.8.2"
toml = "*"

[package.extras]
testing = ["argcomplete", "hypothesis (>=3.56)", "mock", "nose", "requests", "xmlschema"]

[[package]]
name = "python-dateutil"
version = "2.8.2"
description = "Extensions to the standard Python datetime module"
category = "main"
optional = false
python-versions = "!=3.0.*,!=3.1.*,!=3.2.*,>=2.7"

[package.dependencies]
six = ">=1.5"

[[package]]
name = "pytype"
version = "2021.12.15"
description = "Python type inferencer"
category = "dev"
optional = false
python-versions = "<3.10,>=3.6"

[package.dependencies]
attrs = ">=21.2.0"
importlab = ">=0.6.1"
libcst = "*"
ninja = ">=1.10.0.post2"
tabulate = "*"
toml = "*"

[[package]]
name = "pytz"
version = "2022.4"
description = "World timezone definitions, modern and historical"
category = "main"
optional = false
python-versions = "*"

[[package]]
name = "pywavelets"
version = "1.4.1"
description = "PyWavelets, wavelet transform module"
category = "main"
optional = false
python-versions = ">=3.8"

[package.dependencies]
numpy = ">=1.17.3"

[[package]]
name = "pyyaml"
version = "6.0"
description = "YAML parser and emitter for Python"
category = "main"
optional = false
python-versions = ">=3.6"

[[package]]
name = "requests"
version = "2.28.1"
description = "Python HTTP for Humans."
category = "main"
optional = false
python-versions = ">=3.7, <4"

[package.dependencies]
certifi = ">=2017.4.17"
charset-normalizer = ">=2,<3"
idna = ">=2.5,<4"
urllib3 = ">=1.21.1,<1.27"

[package.extras]
socks = ["PySocks (>=1.5.6,!=1.5.7)"]
use_chardet_on_py3 = ["chardet (>=3.0.2,<6)"]

[[package]]
name = "requests-oauthlib"
version = "1.3.1"
description = "OAuthlib authentication support for Requests."
category = "main"
optional = false
python-versions = ">=2.7, !=3.0.*, !=3.1.*, !=3.2.*, !=3.3.*"

[package.dependencies]
oauthlib = ">=3.0.0"
requests = ">=2.0.0"

[package.extras]
rsa = ["oauthlib[signedtoken] (>=3.0.0)"]

[[package]]
name = "rsa"
version = "4.9"
description = "Pure-Python RSA implementation"
category = "main"
optional = false
python-versions = ">=3.6,<4"

[package.dependencies]
pyasn1 = ">=0.1.3"

[[package]]
name = "sacred"
version = "0.8.2"
description = "Facilitates automated and reproducible experimental research"
category = "main"
optional = false
python-versions = "*"

[package.dependencies]
colorama = ">=0.4"
docopt = ">=0.3,<1.0"
GitPython = "*"
jsonpickle = ">=1.2,<2.0"
munch = ">=2.0.2,<3.0"
packaging = ">=18.0"
py-cpuinfo = ">=4.0"
wrapt = ">=1.0,<2.0"

[[package]]
name = "sb3-contrib"
version = "1.6.1"
description = "Contrib package of Stable Baselines3, experimental code."
category = "main"
optional = false
python-versions = ">=3.7"

[package.dependencies]
stable-baselines3 = ">=1.6.1"

[[package]]
name = "scikit-image"
version = "0.19.3"
description = "Image processing in Python"
category = "main"
optional = false
python-versions = ">=3.7"

[package.dependencies]
imageio = ">=2.4.1"
networkx = ">=2.2"
numpy = ">=1.17.0"
packaging = ">=20.0"
pillow = ">=6.1.0,<7.1.0 || >7.1.0,<7.1.1 || >7.1.1,<8.3.0 || >8.3.0"
PyWavelets = ">=1.1.1"
scipy = ">=1.4.1"
tifffile = ">=2019.7.26"

[package.extras]
data = ["pooch (>=1.3.0)"]
docs = ["sphinx (>=1.8)", "sphinx-gallery (>=0.10.1)", "numpydoc (>=1.0)", "sphinx-copybutton", "pytest-runner", "scikit-learn", "matplotlib (>=3.3)", "dask[array] (>=0.15.0,!=2.17.0)", "cloudpickle (>=0.2.1)", "pandas (>=0.23.0)", "seaborn (>=0.7.1)", "pooch (>=1.3.0)", "tifffile (>=2020.5.30)", "myst-parser", "ipywidgets", "plotly (>=4.14.0)", "kaleido"]
optional = ["simpleitk", "astropy (>=3.1.2)", "cloudpickle (>=0.2.1)", "dask[array] (>=1.0.0,!=2.17.0)", "matplotlib (>=3.0.3)", "pooch (>=1.3.0)", "pyamg", "qtpy"]
test = ["asv", "codecov", "flake8", "matplotlib (>=3.0.3)", "pooch (>=1.3.0)", "pytest (>=5.2.0)", "pytest-cov (>=2.7.0)", "pytest-localserver", "pytest-faulthandler"]

[[package]]
name = "scikit-learn"
version = "1.1.2"
description = "A set of python modules for machine learning and data mining"
category = "main"
optional = false
python-versions = ">=3.8"

[package.dependencies]
joblib = ">=1.0.0"
numpy = ">=1.17.3"
scipy = ">=1.3.2"
threadpoolctl = ">=2.0.0"

[package.extras]
tests = ["numpydoc (>=1.2.0)", "pyamg (>=4.0.0)", "mypy (>=0.961)", "black (>=22.3.0)", "flake8 (>=3.8.2)", "pytest-cov (>=2.9.0)", "pytest (>=5.0.1)", "pandas (>=1.0.5)", "scikit-image (>=0.16.2)", "matplotlib (>=3.1.2)"]
examples = ["seaborn (>=0.9.0)", "pandas (>=1.0.5)", "scikit-image (>=0.16.2)", "matplotlib (>=3.1.2)"]
docs = ["sphinxext-opengraph (>=0.4.2)", "sphinx-prompt (>=1.3.0)", "Pillow (>=7.1.2)", "numpydoc (>=1.2.0)", "sphinx-gallery (>=0.7.0)", "sphinx (>=4.0.1)", "memory-profiler (>=0.57.0)", "seaborn (>=0.9.0)", "pandas (>=1.0.5)", "scikit-image (>=0.16.2)", "matplotlib (>=3.1.2)"]
benchmark = ["memory-profiler (>=0.57.0)", "pandas (>=1.0.5)", "matplotlib (>=3.1.2)"]

[[package]]
name = "scipy"
version = "1.9.1"
description = "SciPy: Scientific Library for Python"
category = "main"
optional = false
python-versions = ">=3.8,<3.12"

[package.dependencies]
numpy = ">=1.18.5,<1.25.0"

[[package]]
name = "seals"
version = "0.1.4"
description = "Suite of Environments for Algorithms that Learn Specifications"
category = "main"
optional = false
python-versions = ">=3.8.0"

[package.dependencies]
gym = "*"
numpy = "*"

[package.extras]
test = ["autorom[accept-rom-license] (>=0.4.2,<0.5.0)", "pillow", "ale-py (==0.7.4)", "opencv-python", "setuptools-scm (>=7.0.5,<7.1.0)", "pyglet (>=1.4.0)", "stable-baselines3 (>=0.9.0)", "pytype", "pytest-xdist", "pytest-cov", "pytest", "pydocstyle", "mypy", "matplotlib", "isort", "flake8-isort", "flake8-docstrings", "flake8-debugger", "flake8-commas", "flake8-builtins", "flake8-blind-except", "flake8", "darglint (>=1.5.6)", "codespell", "codecov", "coverage (==4.5.4)", "black"]
mujoco = ["imageio", "mujoco-py (>=1.50,<2.0)"]
docs = ["sphinxcontrib-napoleon", "sphinx-rtd-theme", "sphinx-autodoc-typehints", "sphinx"]
dev = ["sphinxcontrib-napoleon", "sphinx-rtd-theme", "sphinx-autodoc-typehints", "sphinx", "autorom[accept-rom-license] (>=0.4.2,<0.5.0)", "pillow", "ale-py (==0.7.4)", "opencv-python", "setuptools-scm (>=7.0.5,<7.1.0)", "pyglet (>=1.4.0)", "stable-baselines3 (>=0.9.0)", "pytype", "pytest-xdist", "pytest-cov", "pytest", "pydocstyle", "mypy", "matplotlib", "isort", "flake8-isort", "flake8-docstrings", "flake8-debugger", "flake8-commas", "flake8-builtins", "flake8-blind-except", "flake8", "darglint (>=1.5.6)", "codespell", "codecov", "coverage (==4.5.4)", "black", "jupyter", "ipdb"]
atari = ["autorom[accept-rom-license] (>=0.4.2,<0.5.0)", "pillow", "ale-py (==0.7.4)", "opencv-python"]

[[package]]
name = "sentry-sdk"
version = "1.9.10"
description = "Python client for Sentry (https://sentry.io)"
category = "main"
optional = false
python-versions = "*"

[package.dependencies]
certifi = "*"
urllib3 = {version = ">=1.26.11", markers = "python_version >= \"3.6\""}

[package.extras]
aiohttp = ["aiohttp (>=3.5)"]
beam = ["apache-beam (>=2.12)"]
bottle = ["bottle (>=0.12.13)"]
celery = ["celery (>=3)"]
chalice = ["chalice (>=1.16.0)"]
django = ["django (>=1.8)"]
falcon = ["falcon (>=1.4)"]
fastapi = ["fastapi (>=0.79.0)"]
flask = ["flask (>=0.11)", "blinker (>=1.1)"]
httpx = ["httpx (>=0.16.0)"]
pure_eval = ["pure-eval", "executing", "asttokens"]
pyspark = ["pyspark (>=2.4.4)"]
quart = ["quart (>=0.16.1)", "blinker (>=1.1)"]
rq = ["rq (>=0.6)"]
sanic = ["sanic (>=0.8)"]
sqlalchemy = ["sqlalchemy (>=1.2)"]
starlette = ["starlette (>=0.19.1)"]
tornado = ["tornado (>=5)"]

[[package]]
name = "setproctitle"
version = "1.3.2"
description = "A Python module to customize the process title"
category = "main"
optional = false
python-versions = ">=3.7"

[package.extras]
test = ["pytest"]

[[package]]
name = "setuptools-scm"
version = "7.0.5"
description = "the blessed package to manage your versions by scm tags"
category = "main"
optional = false
python-versions = ">=3.7"

[package.dependencies]
packaging = ">=20.0"
tomli = ">=1.0.0"
typing-extensions = "*"

[package.extras]
test = ["pytest (>=6.2)", "virtualenv (>20)"]
toml = ["setuptools (>=42)"]

[[package]]
name = "shortuuid"
version = "1.0.9"
description = "A generator library for concise, unambiguous and URL-safe UUIDs."
category = "main"
optional = false
python-versions = ">=3.5"

[[package]]
name = "six"
version = "1.16.0"
description = "Python 2 and 3 compatibility utilities"
category = "main"
optional = false
python-versions = ">=2.7, !=3.0.*, !=3.1.*, !=3.2.*"

[[package]]
name = "smmap"
version = "5.0.0"
description = "A pure Python implementation of a sliding window memory map manager"
category = "main"
optional = false
python-versions = ">=3.6"

[[package]]
name = "stable-baselines3"
version = "1.6.1"
description = "Pytorch version of Stable Baselines, implementations of reinforcement learning algorithms."
category = "main"
optional = false
python-versions = ">=3.7"

[package.dependencies]
cloudpickle = "*"
gym = "0.21"
matplotlib = "*"
numpy = "*"
pandas = "*"
torch = ">=1.11"

[package.extras]
docs = ["sphinx", "sphinx-autobuild", "sphinx-rtd-theme", "sphinxcontrib.spelling", "sphinx-autodoc-typehints", "sphinx-copybutton"]
extra = ["opencv-python", "ale-py (==0.7.4)", "autorom[accept-rom-license] (>=0.4.2,<0.5.0)", "pillow", "tensorboard (>=2.9.1)", "psutil"]
tests = ["pytest", "pytest-cov", "pytest-env", "pytest-xdist", "pytype", "flake8 (>=3.8)", "flake8-bugbear", "isort (>=5.0)", "black", "scipy (>=1.4.1)"]

[[package]]
name = "tabulate"
version = "0.8.10"
description = "Pretty-print tabular data"
category = "dev"
optional = false
python-versions = ">=2.7, !=3.0.*, !=3.1.*, !=3.2.*, !=3.3.*, !=3.4.*"

[package.extras]
widechars = ["wcwidth"]

[[package]]
name = "tensorboard"
version = "2.10.1"
description = "TensorBoard lets you watch Tensors Flow"
category = "main"
optional = false
python-versions = ">=3.6"

[package.dependencies]
absl-py = ">=0.4"
google-auth = ">=1.6.3,<3"
google-auth-oauthlib = ">=0.4.1,<0.5"
grpcio = ">=1.24.3"
markdown = ">=2.6.8"
numpy = ">=1.12.0"
protobuf = ">=3.9.2,<3.20"
requests = ">=2.21.0,<3"
tensorboard-data-server = ">=0.6.0,<0.7.0"
tensorboard-plugin-wit = ">=1.6.0"
werkzeug = ">=1.0.1"

[[package]]
name = "tensorboard-data-server"
version = "0.6.1"
description = "Fast data loading for TensorBoard"
category = "main"
optional = false
python-versions = ">=3.6"

[[package]]
name = "tensorboard-plugin-wit"
version = "1.8.1"
description = "What-If Tool TensorBoard plugin."
category = "main"
optional = false
python-versions = "*"

[[package]]
name = "threadpoolctl"
version = "3.1.0"
description = "threadpoolctl"
category = "main"
optional = false
python-versions = ">=3.6"

[[package]]
name = "tifffile"
version = "2022.8.12"
description = "Read and write TIFF files"
category = "main"
optional = false
python-versions = ">=3.8"

[package.dependencies]
numpy = ">=1.19.2"

[package.extras]
all = ["imagecodecs (>=2022.2.22)", "matplotlib (>=3.3)", "lxml"]

[[package]]
name = "toml"
version = "0.10.2"
description = "Python Library for Tom's Obvious, Minimal Language"
category = "dev"
optional = false
python-versions = ">=2.6, !=3.0.*, !=3.1.*, !=3.2.*"

[[package]]
name = "tomli"
version = "2.0.1"
description = "A lil' TOML parser"
category = "main"
optional = false
python-versions = ">=3.7"

[[package]]
name = "torch"
version = "1.12.1"
description = "Tensors and Dynamic neural networks in Python with strong GPU acceleration"
category = "main"
optional = false
python-versions = ">=3.7.0"

[package.dependencies]
typing-extensions = "*"

[[package]]
name = "torchvision"
version = "0.13.1"
description = "image and video datasets and models for torch deep learning"
category = "main"
optional = false
python-versions = ">=3.7"

[package.dependencies]
numpy = "*"
pillow = ">=5.3.0,<8.3.0 || >=8.4.0"
requests = "*"
torch = "1.12.1"
typing-extensions = "*"

[package.extras]
scipy = ["scipy"]

[[package]]
name = "tqdm"
version = "4.64.1"
description = "Fast, Extensible Progress Meter"
category = "main"
optional = false
python-versions = "!=3.0.*,!=3.1.*,!=3.2.*,!=3.3.*,>=2.7"

[package.dependencies]
colorama = {version = "*", markers = "platform_system == \"Windows\""}

[package.extras]
dev = ["py-make (>=0.1.0)", "twine", "wheel"]
notebook = ["ipywidgets (>=6)"]
slack = ["slack-sdk"]
telegram = ["requests"]

[[package]]
name = "typing-extensions"
version = "4.3.0"
description = "Backported and Experimental Type Hints for Python 3.7+"
category = "main"
optional = false
python-versions = ">=3.7"

[[package]]
name = "typing-inspect"
version = "0.8.0"
description = "Runtime inspection utilities for typing module."
category = "dev"
optional = false
python-versions = "*"

[package.dependencies]
mypy-extensions = ">=0.3.0"
typing-extensions = ">=3.7.4"

[[package]]
name = "urllib3"
version = "1.26.12"
description = "HTTP library with thread-safe connection pooling, file post, and more."
category = "main"
optional = false
python-versions = ">=2.7, !=3.0.*, !=3.1.*, !=3.2.*, !=3.3.*, !=3.4.*, !=3.5.*, <4"

[package.extras]
brotli = ["brotlicffi (>=0.8.0)", "brotli (>=1.0.9)", "brotlipy (>=0.6.0)"]
secure = ["pyOpenSSL (>=0.14)", "cryptography (>=1.3.4)", "idna (>=2.0.0)", "certifi", "urllib3-secure-extra", "ipaddress"]
socks = ["PySocks (>=1.5.6,!=1.5.7,<2.0)"]

[[package]]
name = "vegans"
version = "0.4.0"
description = ""
category = "main"
optional = false
python-versions = ">=3.7"
develop = false

[package.dependencies]
matplotlib = ">=3.3.4"
numpy = ">=1.19.5"
pandas = ">=1.1.5"
tensorboard = ">=2.5.0"
torch = ">=1.12.1"
torchvision = ">=0.13.1"
wget = ">=3.2"

[package.source]
type = "git"
url = "https://github.com/dfilan/vegans"
reference = "master"
resolved_reference = "76a3c459dadfd72381426a28ddb8ca0c07d388c3"

[[package]]
name = "wandb"
version = "0.12.21"
description = "A CLI and library for interacting with the Weights and Biases API."
category = "main"
optional = false
python-versions = ">=3.6"

[package.dependencies]
Click = ">=7.0,<8.0.0 || >8.0.0"
docker-pycreds = ">=0.4.0"
GitPython = ">=1.0.0"
pathtools = "*"
promise = ">=2.0,<3"
protobuf = ">=3.12.0,<4.0dev"
psutil = ">=5.0.0"
PyYAML = "*"
requests = ">=2.0.0,<3"
sentry-sdk = ">=1.0.0"
setproctitle = "*"
shortuuid = ">=0.5.0"
six = ">=1.13.0"

[package.extras]
aws = ["boto3"]
azure = ["azure-storage-blob"]
gcp = ["google-cloud-storage"]
grpc = ["grpcio (>=1.27.2)"]
kubeflow = ["kubernetes", "minio", "google-cloud-storage", "sh"]
launch = ["nbconvert", "nbformat", "chardet", "iso8601", "typing-extensions", "boto3", "google-cloud-storage", "kubernetes"]
media = ["numpy", "moviepy", "pillow", "bokeh", "soundfile", "plotly", "rdkit-pypi"]
models = ["cloudpickle"]
sweeps = ["sweeps (>=0.1.0)"]

[[package]]
name = "werkzeug"
version = "2.2.2"
description = "The comprehensive WSGI web application library."
category = "main"
optional = false
python-versions = ">=3.7"

[package.dependencies]
MarkupSafe = ">=2.1.1"

[package.extras]
watchdog = ["watchdog"]

[[package]]
name = "wget"
version = "3.2"
description = "pure python download utility"
category = "main"
optional = false
python-versions = "*"

[[package]]
name = "wrapt"
version = "1.14.1"
description = "Module for decorators, wrappers and monkey patching."
category = "main"
optional = false
python-versions = "!=3.0.*,!=3.1.*,!=3.2.*,!=3.3.*,!=3.4.*,>=2.7"

[[package]]
name = "zipp"
version = "3.8.1"
description = "Backport of pathlib-compatible object wrapper for zip files"
category = "main"
optional = false
python-versions = ">=3.7"

[package.extras]
docs = ["sphinx", "jaraco.packaging (>=9)", "rst.linker (>=1.9)", "jaraco.tidelift (>=1.4)"]
testing = ["pytest (>=6)", "pytest-checkdocs (>=2.4)", "pytest-flake8", "pytest-cov", "pytest-enabler (>=1.3)", "jaraco.itertools", "func-timeout", "pytest-black (>=0.3.7)", "pytest-mypy (>=0.9.1)"]

[metadata]
lock-version = "1.1"
python-versions = "=3.9.5"
content-hash = "bb4fa10265d832be743a4f93cb619815309804b99dbf425398abf093a5c01423"

[metadata.files]
absl-py = []
atomicwrites = []
attrs = []
black = []
cachetools = []
certifi = []
cffi = []
chai-sacred = []
charset-normalizer = []
click = []
cloudpickle = []
colorama = []
contourpy = []
cycler = []
docker-pycreds = []
docopt = []
filelock = []
flake8 = []
flake8-isort = []
fonttools = []
gitdb = []
gitpython = []
glcontext = []
glfw = []
google-auth = []
google-auth-oauthlib = []
grpcio = []
gym = []
gym3 = []
idna = []
imageio = []
imageio-ffmpeg = []
imitation = []
importlab = []
importlib-metadata = []
iniconfig = []
isort = []
joblib = []
jsonpickle = []
kiwisolver = []
libcst = []
markdown = []
markupsafe = []
matplotlib = []
mazelab = []
mccabe = []
moderngl = []
munch = []
mypy-extensions = []
networkx = []
ninja = []
numpy = []
oauthlib = []
packaging = []
pandas = []
pathspec = []
pathtools = []
pillow = []
platformdirs = []
pluggy = []
procgen = []
promise = []
protobuf = []
psutil = []
py = []
py-cpuinfo = []
pyasn1 = []
pyasn1-modules = []
pycodestyle = []
pycparser = []
pyflakes = []
pyglet = []
pyparsing = []
pytest = []
python-dateutil = []
pytype = []
pytz = []
pywavelets = []
pyyaml = []
requests = []
requests-oauthlib = []
rsa = []
sacred = []
sb3-contrib = []
scikit-image = []
scikit-learn = []
scipy = []
seals = []
sentry-sdk = []
setproctitle = []
setuptools-scm = []
shortuuid = []
six = []
smmap = []
stable-baselines3 = []
tabulate = []
tensorboard = []
tensorboard-data-server = []
tensorboard-plugin-wit = []
threadpoolctl = []
tifffile = []
toml = []
tomli = []
torch = []
torchvision = []
tqdm = []
typing-extensions = []
typing-inspect = []
urllib3 = []
vegans = []
wandb = []
werkzeug = []
wget = []
wrapt = []
zipp = []
